
Microsoft Visual Studio Solution File, Format Version 12.00
# Visual Studio 2013
VisualStudioVersion = 12.0.31101.0
MinimumVisualStudioVersion = 10.0.40219.1
Project("{FAE04EC0-301F-11D3-BF4B-00C04F79EFBC}") = "DataApi.Sample", "DataApi.Sample\DataApi.Sample.csproj", "{EBED8074-D4C1-4AF9-9397-7099A16C6E00}"
EndProject
Project("{FAE04EC0-301F-11D3-BF4B-00C04F79EFBC}") = "DataApi", "DataApi\DataApi.csproj", "{324F928D-016C-4413-BD3B-5BAF06EB6B88}"
EndProject
Project("{FAE04EC0-301F-11D3-BF4B-00C04F79EFBC}") = "DataApi.Tests", "DataApi.Tests\DataApi.Tests.csproj", "{F21C7AE1-DB97-4317-9712-31D0FD82B1AA}"
EndProject
Global
	GlobalSection(SolutionConfigurationPlatforms) = preSolution
		Debug|Any CPU = Debug|Any CPU
		Release|Any CPU = Release|Any CPU
	EndGlobalSection
	GlobalSection(ProjectConfigurationPlatforms) = postSolution
		{EBED8074-D4C1-4AF9-9397-7099A16C6E00}.Debug|Any CPU.ActiveCfg = Debug|Any CPU
		{EBED8074-D4C1-4AF9-9397-7099A16C6E00}.Debug|Any CPU.Build.0 = Debug|Any CPU
		{EBED8074-D4C1-4AF9-9397-7099A16C6E00}.Release|Any CPU.ActiveCfg = Release|Any CPU
		{EBED8074-D4C1-4AF9-9397-7099A16C6E00}.Release|Any CPU.Build.0 = Release|Any CPU
		{324F928D-016C-4413-BD3B-5BAF06EB6B88}.Debug|Any CPU.ActiveCfg = Debug|Any CPU
		{324F928D-016C-4413-BD3B-5BAF06EB6B88}.Debug|Any CPU.Build.0 = Debug|Any CPU
		{324F928D-016C-4413-BD3B-5BAF06EB6B88}.Release|Any CPU.ActiveCfg = Release|Any CPU
		{324F928D-016C-4413-BD3B-5BAF06EB6B88}.Release|Any CPU.Build.0 = Release|Any CPU
		{F21C7AE1-DB97-4317-9712-31D0FD82B1AA}.Debug|Any CPU.ActiveCfg = Debug|Any CPU
		{F21C7AE1-DB97-4317-9712-31D0FD82B1AA}.Debug|Any CPU.Build.0 = Debug|Any CPU
		{F21C7AE1-DB97-4317-9712-31D0FD82B1AA}.Release|Any CPU.ActiveCfg = Release|Any CPU
		{F21C7AE1-DB97-4317-9712-31D0FD82B1AA}.Release|Any CPU.Build.0 = Release|Any CPU
	EndGlobalSection
	GlobalSection(SolutionProperties) = preSolution
		HideSolutionNode = FALSE
	EndGlobalSection
EndGlobal
